// !$*UTF8*$!
{
	archiveVersion = 1;
	classes = {
	};
	objectVersion = 48;
	objects = {

/* Begin PBXBuildFile section */
		38F58CCA20375D4C00346953 /* AppDelegate.swift in Sources */ = {isa = PBXBuildFile; fileRef = 38F58CC920375D4C00346953 /* AppDelegate.swift */; };
		38F58CCC20375D4C00346953 /* ViewController.swift in Sources */ = {isa = PBXBuildFile; fileRef = 38F58CCB20375D4C00346953 /* ViewController.swift */; };
		38F58CCF20375D4C00346953 /* Main.storyboard in Resources */ = {isa = PBXBuildFile; fileRef = 38F58CCD20375D4C00346953 /* Main.storyboard */; };
		38F58CD120375D4C00346953 /* Assets.xcassets in Resources */ = {isa = PBXBuildFile; fileRef = 38F58CD020375D4C00346953 /* Assets.xcassets */; };
		38F58CD420375D4C00346953 /* LaunchScreen.storyboard in Resources */ = {isa = PBXBuildFile; fileRef = 38F58CD220375D4C00346953 /* LaunchScreen.storyboard */; };
		38F58CE6203763C900346953 /* UnsplashPickerController.framework in Frameworks */ = {isa = PBXBuildFile; fileRef = 38F58CE32037636D00346953 /* UnsplashPickerController.framework */; };
		38F58CE7203763C900346953 /* UnsplashPickerController.framework in Embed Frameworks */ = {isa = PBXBuildFile; fileRef = 38F58CE32037636D00346953 /* UnsplashPickerController.framework */; settings = {ATTRIBUTES = (CodeSignOnCopy, RemoveHeadersOnCopy, ); }; };
/* End PBXBuildFile section */

/* Begin PBXContainerItemProxy section */
		38F58CE22037636D00346953 /* PBXContainerItemProxy */ = {
			isa = PBXContainerItemProxy;
			containerPortal = 38F58CDD2037636D00346953 /* UnsplashPickerController.xcodeproj */;
			proxyType = 2;
			remoteGlobalIDString = 38CB067720362C2500AE6EDA;
			remoteInfo = UnsplashPickerController;
		};
		38F58CE42037636D00346953 /* PBXContainerItemProxy */ = {
			isa = PBXContainerItemProxy;
			containerPortal = 38F58CDD2037636D00346953 /* UnsplashPickerController.xcodeproj */;
			proxyType = 2;
			remoteGlobalIDString = 38CB068020362C2500AE6EDA;
			remoteInfo = UnsplashPickerControllerTests;
		};
		38F58CE8203763C900346953 /* PBXContainerItemProxy */ = {
			isa = PBXContainerItemProxy;
			containerPortal = 38F58CDD2037636D00346953 /* UnsplashPickerController.xcodeproj */;
			proxyType = 1;
			remoteGlobalIDString = 38CB067620362C2500AE6EDA;
			remoteInfo = UnsplashPickerController;
		};
/* End PBXContainerItemProxy section */

/* Begin PBXCopyFilesBuildPhase section */
		38F58CEA203763C900346953 /* Embed Frameworks */ = {
			isa = PBXCopyFilesBuildPhase;
			buildActionMask = 2147483647;
			dstPath = "";
			dstSubfolderSpec = 10;
			files = (
				38F58CE7203763C900346953 /* UnsplashPickerController.framework in Embed Frameworks */,
			);
			name = "Embed Frameworks";
			runOnlyForDeploymentPostprocessing = 0;
		};
/* End PBXCopyFilesBuildPhase section */

/* Begin PBXFileReference section */
		38F58CC620375D4C00346953 /* PhotoViewer.app */ = {isa = PBXFileReference; explicitFileType = wrapper.application; includeInIndex = 0; path = PhotoViewer.app; sourceTree = BUILT_PRODUCTS_DIR; };
		38F58CC920375D4C00346953 /* AppDelegate.swift */ = {isa = PBXFileReference; lastKnownFileType = sourcecode.swift; path = AppDelegate.swift; sourceTree = "<group>"; };
		38F58CCB20375D4C00346953 /* ViewController.swift */ = {isa = PBXFileReference; lastKnownFileType = sourcecode.swift; path = ViewController.swift; sourceTree = "<group>"; };
		38F58CCE20375D4C00346953 /* Base */ = {isa = PBXFileReference; lastKnownFileType = file.storyboard; name = Base; path = Base.lproj/Main.storyboard; sourceTree = "<group>"; };
		38F58CD020375D4C00346953 /* Assets.xcassets */ = {isa = PBXFileReference; lastKnownFileType = folder.assetcatalog; path = Assets.xcassets; sourceTree = "<group>"; };
		38F58CD320375D4C00346953 /* Base */ = {isa = PBXFileReference; lastKnownFileType = file.storyboard; name = Base; path = Base.lproj/LaunchScreen.storyboard; sourceTree = "<group>"; };
		38F58CD520375D4C00346953 /* Info.plist */ = {isa = PBXFileReference; lastKnownFileType = text.plist.xml; path = Info.plist; sourceTree = "<group>"; };
		38F58CDD2037636D00346953 /* UnsplashPickerController.xcodeproj */ = {isa = PBXFileReference; lastKnownFileType = "wrapper.pb-project"; name = UnsplashPickerController.xcodeproj; path = ../../UnsplashPickerController.xcodeproj; sourceTree = "<group>"; };
/* End PBXFileReference section */

/* Begin PBXFrameworksBuildPhase section */
		38F58CC320375D4C00346953 /* Frameworks */ = {
			isa = PBXFrameworksBuildPhase;
			buildActionMask = 2147483647;
			files = (
				38F58CE6203763C900346953 /* UnsplashPickerController.framework in Frameworks */,
			);
			runOnlyForDeploymentPostprocessing = 0;
		};
/* End PBXFrameworksBuildPhase section */

/* Begin PBXGroup section */
		38F58CBD20375D4C00346953 = {
			isa = PBXGroup;
			children = (
				38F58CDD2037636D00346953 /* UnsplashPickerController.xcodeproj */,
				38F58CC820375D4C00346953 /* PhotoViewer */,
				38F58CC720375D4C00346953 /* Products */,
			);
			sourceTree = "<group>";
		};
		38F58CC720375D4C00346953 /* Products */ = {
			isa = PBXGroup;
			children = (
				38F58CC620375D4C00346953 /* PhotoViewer.app */,
			);
			name = Products;
			sourceTree = "<group>";
		};
		38F58CC820375D4C00346953 /* PhotoViewer */ = {
			isa = PBXGroup;
			children = (
				38F58CC920375D4C00346953 /* AppDelegate.swift */,
				38F58CCB20375D4C00346953 /* ViewController.swift */,
				38F58CCD20375D4C00346953 /* Main.storyboard */,
				38F58CD020375D4C00346953 /* Assets.xcassets */,
				38F58CD220375D4C00346953 /* LaunchScreen.storyboard */,
				38F58CD520375D4C00346953 /* Info.plist */,
			);
			path = PhotoViewer;
			sourceTree = "<group>";
		};
		38F58CDE2037636D00346953 /* Products */ = {
			isa = PBXGroup;
			children = (
				38F58CE32037636D00346953 /* UnsplashPickerController.framework */,
				38F58CE52037636D00346953 /* UnsplashPickerControllerTests.xctest */,
			);
			name = Products;
			sourceTree = "<group>";
		};
/* End PBXGroup section */

/* Begin PBXNativeTarget section */
		38F58CC520375D4C00346953 /* PhotoViewer */ = {
			isa = PBXNativeTarget;
			buildConfigurationList = 38F58CD820375D4C00346953 /* Build configuration list for PBXNativeTarget "PhotoViewer" */;
			buildPhases = (
				38F58CC220375D4C00346953 /* Sources */,
				38F58CC320375D4C00346953 /* Frameworks */,
				38F58CC420375D4C00346953 /* Resources */,
				38F58CEA203763C900346953 /* Embed Frameworks */,
			);
			buildRules = (
			);
			dependencies = (
				38F58CE9203763C900346953 /* PBXTargetDependency */,
			);
			name = PhotoViewer;
			productName = PhotoViewer;
			productReference = 38F58CC620375D4C00346953 /* PhotoViewer.app */;
			productType = "com.apple.product-type.application";
		};
/* End PBXNativeTarget section */

/* Begin PBXProject section */
		38F58CBE20375D4C00346953 /* Project object */ = {
			isa = PBXProject;
			attributes = {
				LastSwiftUpdateCheck = 0920;
				LastUpgradeCheck = 0920;
				ORGANIZATIONNAME = "Crush Apps";
				TargetAttributes = {
					38F58CC520375D4C00346953 = {
						CreatedOnToolsVersion = 9.2;
						ProvisioningStyle = Automatic;
					};
				};
			};
			buildConfigurationList = 38F58CC120375D4C00346953 /* Build configuration list for PBXProject "PhotoViewer" */;
			compatibilityVersion = "Xcode 8.0";
			developmentRegion = en;
			hasScannedForEncodings = 0;
			knownRegions = (
				en,
				Base,
			);
			mainGroup = 38F58CBD20375D4C00346953;
			productRefGroup = 38F58CC720375D4C00346953 /* Products */;
			projectDirPath = "";
			projectReferences = (
				{
					ProductGroup = 38F58CDE2037636D00346953 /* Products */;
					ProjectRef = 38F58CDD2037636D00346953 /* UnsplashPickerController.xcodeproj */;
				},
			);
			projectRoot = "";
			targets = (
				38F58CC520375D4C00346953 /* PhotoViewer */,
			);
		};
/* End PBXProject section */

/* Begin PBXReferenceProxy section */
		38F58CE32037636D00346953 /* UnsplashPickerController.framework */ = {
			isa = PBXReferenceProxy;
			fileType = wrapper.framework;
			path = UnsplashPickerController.framework;
			remoteRef = 38F58CE22037636D00346953 /* PBXContainerItemProxy */;
			sourceTree = BUILT_PRODUCTS_DIR;
		};
		38F58CE52037636D00346953 /* UnsplashPickerControllerTests.xctest */ = {
			isa = PBXReferenceProxy;
			fileType = wrapper.cfbundle;
			path = UnsplashPickerControllerTests.xctest;
			remoteRef = 38F58CE42037636D00346953 /* PBXContainerItemProxy */;
			sourceTree = BUILT_PRODUCTS_DIR;
		};
/* End PBXReferenceProxy section */

/* Begin PBXResourcesBuildPhase section */
		38F58CC420375D4C00346953 /* Resources */ = {
			isa = PBXResourcesBuildPhase;
			buildActionMask = 2147483647;
			files = (
				38F58CD420375D4C00346953 /* LaunchScreen.storyboard in Resources */,
				38F58CD120375D4C00346953 /* Assets.xcassets in Resources */,
				38F58CCF20375D4C00346953 /* Main.storyboard in Resources */,
			);
			runOnlyForDeploymentPostprocessing = 0;
		};
/* End PBXResourcesBuildPhase section */

/* Begin PBXSourcesBuildPhase section */
		38F58CC220375D4C00346953 /* Sources */ = {
			isa = PBXSourcesBuildPhase;
			buildActionMask = 2147483647;
			files = (
				38F58CCC20375D4C00346953 /* ViewController.swift in Sources */,
				38F58CCA20375D4C00346953 /* AppDelegate.swift in Sources */,
			);
			runOnlyForDeploymentPostprocessing = 0;
		};
/* End PBXSourcesBuildPhase section */

/* Begin PBXTargetDependency section */
		38F58CE9203763C900346953 /* PBXTargetDependency */ = {
			isa = PBXTargetDependency;
			name = UnsplashPickerController;
			targetProxy = 38F58CE8203763C900346953 /* PBXContainerItemProxy */;
		};
/* End PBXTargetDependency section */

/* Begin PBXVariantGroup section */
		38F58CCD20375D4C00346953 /* Main.storyboard */ = {
			isa = PBXVariantGroup;
			children = (
				38F58CCE20375D4C00346953 /* Base */,
			);
			name = Main.storyboard;
			sourceTree = "<group>";
		};
		38F58CD220375D4C00346953 /* LaunchScreen.storyboard */ = {
			isa = PBXVariantGroup;
			children = (
				38F58CD320375D4C00346953 /* Base */,
			);
			name = LaunchScreen.storyboard;
			sourceTree = "<group>";
		};
/* End PBXVariantGroup section */

/* Begin XCBuildConfiguration section */
		38F58CD620375D4C00346953 /* Debug */ = {
			isa = XCBuildConfiguration;
			buildSettings = {
				ALWAYS_SEARCH_USER_PATHS = NO;
				CLANG_ANALYZER_NONNULL = YES;
				CLANG_ANALYZER_NUMBER_OBJECT_CONVERSION = YES_AGGRESSIVE;
				CLANG_CXX_LANGUAGE_STANDARD = "gnu++14";
				CLANG_CXX_LIBRARY = "libc++";
				CLANG_ENABLE_MODULES = YES;
				CLANG_ENABLE_OBJC_ARC = YES;
				CLANG_WARN_BLOCK_CAPTURE_AUTORELEASING = YES;
				CLANG_WARN_BOOL_CONVERSION = YES;
				CLANG_WARN_COMMA = YES;
				CLANG_WARN_CONSTANT_CONVERSION = YES;
				CLANG_WARN_DIRECT_OBJC_ISA_USAGE = YES_ERROR;
				CLANG_WARN_DOCUMENTATION_COMMENTS = YES;
				CLANG_WARN_EMPTY_BODY = YES;
				CLANG_WARN_ENUM_CONVERSION = YES;
				CLANG_WARN_INFINITE_RECURSION = YES;
				CLANG_WARN_INT_CONVERSION = YES;
				CLANG_WARN_NON_LITERAL_NULL_CONVERSION = YES;
				CLANG_WARN_OBJC_LITERAL_CONVERSION = YES;
				CLANG_WARN_OBJC_ROOT_CLASS = YES_ERROR;
				CLANG_WARN_RANGE_LOOP_ANALYSIS = YES;
				CLANG_WARN_STRICT_PROTOTYPES = YES;
				CLANG_WARN_SUSPICIOUS_MOVE = YES;
				CLANG_WARN_UNGUARDED_AVAILABILITY = YES_AGGRESSIVE;
				CLANG_WARN_UNREACHABLE_CODE = YES;
				CLANG_WARN__DUPLICATE_METHOD_MATCH = YES;
				CODE_SIGN_IDENTITY = "iPhone Developer";
				COPY_PHASE_STRIP = NO;
				DEBUG_INFORMATION_FORMAT = dwarf;
				ENABLE_STRICT_OBJC_MSGSEND = YES;
				ENABLE_TESTABILITY = YES;
				GCC_C_LANGUAGE_STANDARD = gnu11;
				GCC_DYNAMIC_NO_PIC = NO;
				GCC_NO_COMMON_BLOCKS = YES;
				GCC_OPTIMIZATION_LEVEL = 0;
				GCC_PREPROCESSOR_DEFINITIONS = (
					"DEBUG=1",
					"$(inherited)",
				);
				GCC_WARN_64_TO_32_BIT_CONVERSION = YES;
				GCC_WARN_ABOUT_RETURN_TYPE = YES_ERROR;
				GCC_WARN_UNDECLARED_SELECTOR = YES;
				GCC_WARN_UNINITIALIZED_AUTOS = YES_AGGRESSIVE;
				GCC_WARN_UNUSED_FUNCTION = YES;
				GCC_WARN_UNUSED_VARIABLE = YES;
				IPHONEOS_DEPLOYMENT_TARGET = 11.2;
				MTL_ENABLE_DEBUG_INFO = YES;
				ONLY_ACTIVE_ARCH = YES;
				SDKROOT = iphoneos;
				SWIFT_ACTIVE_COMPILATION_CONDITIONS = DEBUG;
				SWIFT_OPTIMIZATION_LEVEL = "-Onone";
			};
			name = Debug;
		};
		38F58CD720375D4C00346953 /* Release */ = {
			isa = XCBuildConfiguration;
			buildSettings = {
				ALWAYS_SEARCH_USER_PATHS = NO;
				CLANG_ANALYZER_NONNULL = YES;
				CLANG_ANALYZER_NUMBER_OBJECT_CONVERSION = YES_AGGRESSIVE;
				CLANG_CXX_LANGUAGE_STANDARD = "gnu++14";
				CLANG_CXX_LIBRARY = "libc++";
				CLANG_ENABLE_MODULES = YES;
				CLANG_ENABLE_OBJC_ARC = YES;
				CLANG_WARN_BLOCK_CAPTURE_AUTORELEASING = YES;
				CLANG_WARN_BOOL_CONVERSION = YES;
				CLANG_WARN_COMMA = YES;
				CLANG_WARN_CONSTANT_CONVERSION = YES;
				CLANG_WARN_DIRECT_OBJC_ISA_USAGE = YES_ERROR;
				CLANG_WARN_DOCUMENTATION_COMMENTS = YES;
				CLANG_WARN_EMPTY_BODY = YES;
				CLANG_WARN_ENUM_CONVERSION = YES;
				CLANG_WARN_INFINITE_RECURSION = YES;
				CLANG_WARN_INT_CONVERSION = YES;
				CLANG_WARN_NON_LITERAL_NULL_CONVERSION = YES;
				CLANG_WARN_OBJC_LITERAL_CONVERSION = YES;
				CLANG_WARN_OBJC_ROOT_CLASS = YES_ERROR;
				CLANG_WARN_RANGE_LOOP_ANALYSIS = YES;
				CLANG_WARN_STRICT_PROTOTYPES = YES;
				CLANG_WARN_SUSPICIOUS_MOVE = YES;
				CLANG_WARN_UNGUARDED_AVAILABILITY = YES_AGGRESSIVE;
				CLANG_WARN_UNREACHABLE_CODE = YES;
				CLANG_WARN__DUPLICATE_METHOD_MATCH = YES;
				CODE_SIGN_IDENTITY = "iPhone Developer";
				COPY_PHASE_STRIP = NO;
				DEBUG_INFORMATION_FORMAT = "dwarf-with-dsym";
				ENABLE_NS_ASSERTIONS = NO;
				ENABLE_STRICT_OBJC_MSGSEND = YES;
				GCC_C_LANGUAGE_STANDARD = gnu11;
				GCC_NO_COMMON_BLOCKS = YES;
				GCC_WARN_64_TO_32_BIT_CONVERSION = YES;
				GCC_WARN_ABOUT_RETURN_TYPE = YES_ERROR;
				GCC_WARN_UNDECLARED_SELECTOR = YES;
				GCC_WARN_UNINITIALIZED_AUTOS = YES_AGGRESSIVE;
				GCC_WARN_UNUSED_FUNCTION = YES;
				GCC_WARN_UNUSED_VARIABLE = YES;
				IPHONEOS_DEPLOYMENT_TARGET = 11.2;
				MTL_ENABLE_DEBUG_INFO = NO;
				SDKROOT = iphoneos;
				SWIFT_OPTIMIZATION_LEVEL = "-Owholemodule";
				VALIDATE_PRODUCT = YES;
			};
			name = Release;
		};
		38F58CD920375D4C00346953 /* Debug */ = {
			isa = XCBuildConfiguration;
			buildSettings = {
				ALWAYS_EMBED_SWIFT_STANDARD_LIBRARIES = YES;
				ASSETCATALOG_COMPILER_APPICON_NAME = AppIcon;
				CODE_SIGN_STYLE = Automatic;
				DEVELOPMENT_TEAM = 45ZZCTM637;
				INFOPLIST_FILE = PhotoViewer/Info.plist;
				LD_RUNPATH_SEARCH_PATHS = "$(inherited) @executable_path/Frameworks";
				PRODUCT_BUNDLE_IDENTIFIER = com.crushapps.PhotoViewer;
				PRODUCT_NAME = "$(TARGET_NAME)";
				SWIFT_VERSION = 4.0;
				TARGETED_DEVICE_FAMILY = "1,2";
			};
			name = Debug;
		};
		38F58CDA20375D4C00346953 /* Release */ = {
			isa = XCBuildConfiguration;
			buildSettings = {
				ALWAYS_EMBED_SWIFT_STANDARD_LIBRARIES = YES;
				ASSETCATALOG_COMPILER_APPICON_NAME = AppIcon;
				CODE_SIGN_STYLE = Automatic;
				DEVELOPMENT_TEAM = 45ZZCTM637;
				INFOPLIST_FILE = PhotoViewer/Info.plist;
				LD_RUNPATH_SEARCH_PATHS = "$(inherited) @executable_path/Frameworks";
				PRODUCT_BUNDLE_IDENTIFIER = com.crushapps.PhotoViewer;
				PRODUCT_NAME = "$(TARGET_NAME)";
				SWIFT_VERSION = 4.0;
				TARGETED_DEVICE_FAMILY = "1,2";
			};
			name = Release;
		};
/* End XCBuildConfiguration section */

/* Begin XCConfigurationList section */
		38F58CC120375D4C00346953 /* Build configuration list for PBXProject "PhotoViewer" */ = {
			isa = XCConfigurationList;
			buildConfigurations = (
				38F58CD620375D4C00346953 /* Debug */,
				38F58CD720375D4C00346953 /* Release */,
			);
			defaultConfigurationIsVisible = 0;
			defaultConfigurationName = Release;
		};
		38F58CD820375D4C00346953 /* Build configuration list for PBXNativeTarget "PhotoViewer" */ = {
			isa = XCConfigurationList;
			buildConfigurations = (
				38F58CD920375D4C00346953 /* Debug */,
				38F58CDA20375D4C00346953 /* Release */,
			);
			defaultConfigurationIsVisible = 0;
			defaultConfigurationName = Release;
		};
/* End XCConfigurationList section */
	};
	rootObject = 38F58CBE20375D4C00346953 /* Project object */;
}
